# This file is automatically @generated by Cargo.
# It is not intended for manual editing.
[[package]]
name = "main"
version = "0.1.0"
dependencies = [
 "rankcorcoef",
 "ranktest",
]

[[package]]
name = "rankcorcoef"
version = "0.1.0"

[[package]]
name = "ranktest"
version = "0.1.0"
dependencies = [
 "rankcorcoef",
]
